
Microsoft Visual Studio Solution File, Format Version 12.00
# Visual Studio 14
VisualStudioVersion = 14.0.24720.0
MinimumVisualStudioVersion = 10.0.40219.1
Project("{FAE04EC0-301F-11D3-BF4B-00C04F79EFBC}") = "Labo4", "Labo4\Labo4.csproj", "{DA15FDAE-109D-4DF6-AC69-E6DEB7F38ED6}"
EndProject
Project("{2150E333-8FDC-42A3-9474-1A3956D46DE8}") = "Labo1", "Labo1", "{EED689DE-0165-4701-9183-58D33C969942}"
EndProject
Project("{2150E333-8FDC-42A3-9474-1A3956D46DE8}") = "Labo2", "Labo2", "{FEA1F6FF-1F20-4767-ABA2-0EF4ADD980EF}"
EndProject
Project("{2150E333-8FDC-42A3-9474-1A3956D46DE8}") = "Labo3", "Labo3", "{7695C76C-5CAF-4E48-8003-44B082F9C780}"
EndProject
Project("{2150E333-8FDC-42A3-9474-1A3956D46DE8}") = "Labo4 - HOOFDPROGRAMMA", "Labo4 - HOOFDPROGRAMMA", "{D11B8DF8-7908-4AAF-9387-5CEEB5F422AC}"
EndProject
Project("{FAE04EC0-301F-11D3-BF4B-00C04F79EFBC}") = "Labo2_1_Randomgetallen", "Labo4\Properties\Labo2_1\Labo2_1\Labo2_1_Randomgetallen.csproj", "{5683508C-A41D-4971-942D-A20649968666}"
EndProject
Project("{FAE04EC0-301F-11D3-BF4B-00C04F79EFBC}") = "Labo2_2_Invoergetallen", "Labo4\Properties\Labo2_1\Labo2_2\Labo2_2_Invoergetallen.csproj", "{156A6DDD-7752-4CD9-8385-AFD935E88B2F}"
EndProject
Project("{FAE04EC0-301F-11D3-BF4B-00C04F79EFBC}") = "Labo2_3_Complexegetallen", "Labo4\Properties\Labo2_1\Labo2_3_Complexegetallen\Labo2_3_Complexegetallen.csproj", "{0466CFAE-5989-44DA-A369-2F38057177F9}"
EndProject
Project("{FAE04EC0-301F-11D3-BF4B-00C04F79EFBC}") = "Labo2_3b", "Labo4\Properties\Labo2_1\Labo2_3b\Labo2_3b.csproj", "{2C391935-3F3D-466E-9CDD-500A926E4840}"
EndProject
Project("{FAE04EC0-301F-11D3-BF4B-00C04F79EFBC}") = "Labo2_4_Domotica", "Labo4\Properties\Labo2_1\Labo2_4_Domotica\Labo2_4_Domotica.csproj", "{9EDD9DD1-FAFA-46A9-864B-FD70072BA90D}"
EndProject
Project("{FAE04EC0-301F-11D3-BF4B-00C04F79EFBC}") = "Labo2_5", "Labo4\Properties\Labo2_1\Labo2_5\Labo2_5.csproj", "{3F35AE3A-07DC-4660-802E-D66CECEAC34F}"
EndProject
Project("{FAE04EC0-301F-11D3-BF4B-00C04F79EFBC}") = "Labo3_1", "Labo4\Properties\Labo3_1\Labo3_1\Labo3_1.csproj", "{66A9C2C9-7B86-4547-BAA3-48254DAB5837}"
EndProject
Project("{FAE04EC0-301F-11D3-BF4B-00C04F79EFBC}") = "Labo3_3", "Labo4\Properties\Labo3_1\Labo3_3\Labo3_3.csproj", "{D4F4AAB0-FC01-4A05-B22B-84CFD1F98F0E}"
EndProject
Project("{FAE04EC0-301F-11D3-BF4B-00C04F79EFBC}") = "Labo1_1", "Labo4\Properties\Labo1_1\Labo1_1\Labo1_1.csproj", "{840F5D36-DC9F-4409-9DA3-75AC8246A9DC}"
EndProject
Project("{FAE04EC0-301F-11D3-BF4B-00C04F79EFBC}") = "Labo1_2", "Labo4\Properties\Labo1_1\Labo1_2\Labo1_2.csproj", "{EB09970B-3AAD-4FCA-924D-3147F4410F83}"
EndProject
Project("{FAE04EC0-301F-11D3-BF4B-00C04F79EFBC}") = "Labo1_2b", "Labo4\Properties\Labo1_1\Labo1_2b\Labo1_2b.csproj", "{62641D98-9A14-4B05-B422-132FC5B59E18}"
EndProject
Project("{FAE04EC0-301F-11D3-BF4B-00C04F79EFBC}") = "Labo1_3", "Labo4\Properties\Labo1_1\Labo1_3\Labo1_3.csproj", "{DF7CBC51-D061-44C0-B8A3-F28E359B20C4}"
EndProject
Project("{FAE04EC0-301F-11D3-BF4B-00C04F79EFBC}") = "Labo1_3b", "Labo4\Properties\Labo1_1\Labo1_3b\Labo1_3b.csproj", "{B954E08D-05CB-4AB0-B14F-C783C5424675}"
EndProject
Project("{FAE04EC0-301F-11D3-BF4B-00C04F79EFBC}") = "Labo1_4a", "Labo4\Properties\Labo1_1\Labo1_4a\Labo1_4a.csproj", "{C6F1A802-A042-4D3E-BED8-CB3ABD822DA9}"
EndProject
Project("{FAE04EC0-301F-11D3-BF4B-00C04F79EFBC}") = "Labo1_4b", "Labo4\Properties\Labo1_1\Labo1_4b\Labo1_4b.csproj", "{D5E37ED2-1CDA-45BF-923D-252A1CC2D94C}"
EndProject
Project("{FAE04EC0-301F-11D3-BF4B-00C04F79EFBC}") = "Labo1_5a", "Labo4\Properties\Labo1_1\Labo1_5a\Labo1_5a.csproj", "{765030D0-2EA6-4EE4-83DC-072967B0B34D}"
EndProject
Project("{FAE04EC0-301F-11D3-BF4B-00C04F79EFBC}") = "Labo1_5b", "Labo4\Properties\Labo1_1\Labo1_5b\Labo1_5b.csproj", "{22261295-CB73-400D-8D0A-1DFC295746B2}"
EndProject
Project("{FAE04EC0-301F-11D3-BF4B-00C04F79EFBC}") = "Labo1_6", "Labo4\Properties\Labo1_1\Labo1_6\Labo1_6.csproj", "{2ABAD447-16D0-465F-A7FA-DD525D9636CF}"
EndProject
Project("{FAE04EC0-301F-11D3-BF4B-00C04F79EFBC}") = "Labo1_7", "Labo4\Properties\Labo1_1\Labo1_7\Labo1_7.csproj", "{47E3ECE3-CD60-412D-8F6E-85028EF04221}"
EndProject
Project("{FAE04EC0-301F-11D3-BF4B-00C04F79EFBC}") = "Labo1_8_ZeefvanEra", "Labo4\Properties\Labo1_1\Labo1_8\Labo1_8_ZeefvanEra.csproj", "{4B5BD62D-47F9-48A0-949D-F2BF4881C937}"
EndProject
Project("{FAE04EC0-301F-11D3-BF4B-00C04F79EFBC}") = "Labo1_9_Sorteren", "Labo4\Properties\Labo1_1\Labo1_9_Sorteren\Labo1_9_Sorteren.csproj", "{589E12C1-C020-472B-8D25-9EB21271B92D}"
EndProject
Global
	GlobalSection(SolutionConfigurationPlatforms) = preSolution
		Debug|Any CPU = Debug|Any CPU
		Debug|x86 = Debug|x86
		Release|Any CPU = Release|Any CPU
		Release|x86 = Release|x86
	EndGlobalSection
	GlobalSection(ProjectConfigurationPlatforms) = postSolution
		{DA15FDAE-109D-4DF6-AC69-E6DEB7F38ED6}.Debug|Any CPU.ActiveCfg = Debug|Any CPU
		{DA15FDAE-109D-4DF6-AC69-E6DEB7F38ED6}.Debug|Any CPU.Build.0 = Debug|Any CPU
		{DA15FDAE-109D-4DF6-AC69-E6DEB7F38ED6}.Debug|x86.ActiveCfg = Debug|Any CPU
		{DA15FDAE-109D-4DF6-AC69-E6DEB7F38ED6}.Debug|x86.Build.0 = Debug|Any CPU
		{DA15FDAE-109D-4DF6-AC69-E6DEB7F38ED6}.Release|Any CPU.ActiveCfg = Release|Any CPU
		{DA15FDAE-109D-4DF6-AC69-E6DEB7F38ED6}.Release|Any CPU.Build.0 = Release|Any CPU
		{DA15FDAE-109D-4DF6-AC69-E6DEB7F38ED6}.Release|x86.ActiveCfg = Release|Any CPU
		{DA15FDAE-109D-4DF6-AC69-E6DEB7F38ED6}.Release|x86.Build.0 = Release|Any CPU
		{5683508C-A41D-4971-942D-A20649968666}.Debug|Any CPU.ActiveCfg = Debug|Any CPU
		{5683508C-A41D-4971-942D-A20649968666}.Debug|Any CPU.Build.0 = Debug|Any CPU
		{5683508C-A41D-4971-942D-A20649968666}.Debug|x86.ActiveCfg = Debug|Any CPU
		{5683508C-A41D-4971-942D-A20649968666}.Debug|x86.Build.0 = Debug|Any CPU
		{5683508C-A41D-4971-942D-A20649968666}.Release|Any CPU.ActiveCfg = Release|Any CPU
		{5683508C-A41D-4971-942D-A20649968666}.Release|Any CPU.Build.0 = Release|Any CPU
		{5683508C-A41D-4971-942D-A20649968666}.Release|x86.ActiveCfg = Release|Any CPU
		{5683508C-A41D-4971-942D-A20649968666}.Release|x86.Build.0 = Release|Any CPU
		{156A6DDD-7752-4CD9-8385-AFD935E88B2F}.Debug|Any CPU.ActiveCfg = Debug|Any CPU
		{156A6DDD-7752-4CD9-8385-AFD935E88B2F}.Debug|Any CPU.Build.0 = Debug|Any CPU
		{156A6DDD-7752-4CD9-8385-AFD935E88B2F}.Debug|x86.ActiveCfg = Debug|Any CPU
		{156A6DDD-7752-4CD9-8385-AFD935E88B2F}.Debug|x86.Build.0 = Debug|Any CPU
		{156A6DDD-7752-4CD9-8385-AFD935E88B2F}.Release|Any CPU.ActiveCfg = Release|Any CPU
		{156A6DDD-7752-4CD9-8385-AFD935E88B2F}.Release|Any CPU.Build.0 = Release|Any CPU
		{156A6DDD-7752-4CD9-8385-AFD935E88B2F}.Release|x86.ActiveCfg = Release|Any CPU
		{156A6DDD-7752-4CD9-8385-AFD935E88B2F}.Release|x86.Build.0 = Release|Any CPU
		{0466CFAE-5989-44DA-A369-2F38057177F9}.Debug|Any CPU.ActiveCfg = Debug|Any CPU
		{0466CFAE-5989-44DA-A369-2F38057177F9}.Debug|Any CPU.Build.0 = Debug|Any CPU
		{0466CFAE-5989-44DA-A369-2F38057177F9}.Debug|x86.ActiveCfg = Debug|Any CPU
		{0466CFAE-5989-44DA-A369-2F38057177F9}.Debug|x86.Build.0 = Debug|Any CPU
		{0466CFAE-5989-44DA-A369-2F38057177F9}.Release|Any CPU.ActiveCfg = Release|Any CPU
		{0466CFAE-5989-44DA-A369-2F38057177F9}.Release|Any CPU.Build.0 = Release|Any CPU
		{0466CFAE-5989-44DA-A369-2F38057177F9}.Release|x86.ActiveCfg = Release|Any CPU
		{0466CFAE-5989-44DA-A369-2F38057177F9}.Release|x86.Build.0 = Release|Any CPU
		{2C391935-3F3D-466E-9CDD-500A926E4840}.Debug|Any CPU.ActiveCfg = Debug|Any CPU
		{2C391935-3F3D-466E-9CDD-500A926E4840}.Debug|Any CPU.Build.0 = Debug|Any CPU
		{2C391935-3F3D-466E-9CDD-500A926E4840}.Debug|x86.ActiveCfg = Debug|Any CPU
		{2C391935-3F3D-466E-9CDD-500A926E4840}.Debug|x86.Build.0 = Debug|Any CPU
		{2C391935-3F3D-466E-9CDD-500A926E4840}.Release|Any CPU.ActiveCfg = Release|Any CPU
		{2C391935-3F3D-466E-9CDD-500A926E4840}.Release|Any CPU.Build.0 = Release|Any CPU
		{2C391935-3F3D-466E-9CDD-500A926E4840}.Release|x86.ActiveCfg = Release|Any CPU
		{2C391935-3F3D-466E-9CDD-500A926E4840}.Release|x86.Build.0 = Release|Any CPU
		{9EDD9DD1-FAFA-46A9-864B-FD70072BA90D}.Debug|Any CPU.ActiveCfg = Debug|Any CPU
		{9EDD9DD1-FAFA-46A9-864B-FD70072BA90D}.Debug|Any CPU.Build.0 = Debug|Any CPU
		{9EDD9DD1-FAFA-46A9-864B-FD70072BA90D}.Debug|x86.ActiveCfg = Debug|Any CPU
		{9EDD9DD1-FAFA-46A9-864B-FD70072BA90D}.Debug|x86.Build.0 = Debug|Any CPU
		{9EDD9DD1-FAFA-46A9-864B-FD70072BA90D}.Release|Any CPU.ActiveCfg = Release|Any CPU
		{9EDD9DD1-FAFA-46A9-864B-FD70072BA90D}.Release|Any CPU.Build.0 = Release|Any CPU
		{9EDD9DD1-FAFA-46A9-864B-FD70072BA90D}.Release|x86.ActiveCfg = Release|Any CPU
		{9EDD9DD1-FAFA-46A9-864B-FD70072BA90D}.Release|x86.Build.0 = Release|Any CPU
		{3F35AE3A-07DC-4660-802E-D66CECEAC34F}.Debug|Any CPU.ActiveCfg = Debug|Any CPU
		{3F35AE3A-07DC-4660-802E-D66CECEAC34F}.Debug|Any CPU.Build.0 = Debug|Any CPU
		{3F35AE3A-07DC-4660-802E-D66CECEAC34F}.Debug|x86.ActiveCfg = Debug|Any CPU
		{3F35AE3A-07DC-4660-802E-D66CECEAC34F}.Debug|x86.Build.0 = Debug|Any CPU
		{3F35AE3A-07DC-4660-802E-D66CECEAC34F}.Release|Any CPU.ActiveCfg = Release|Any CPU
		{3F35AE3A-07DC-4660-802E-D66CECEAC34F}.Release|Any CPU.Build.0 = Release|Any CPU
		{3F35AE3A-07DC-4660-802E-D66CECEAC34F}.Release|x86.ActiveCfg = Release|Any CPU
		{3F35AE3A-07DC-4660-802E-D66CECEAC34F}.Release|x86.Build.0 = Release|Any CPU
		{66A9C2C9-7B86-4547-BAA3-48254DAB5837}.Debug|Any CPU.ActiveCfg = Debug|Any CPU
		{66A9C2C9-7B86-4547-BAA3-48254DAB5837}.Debug|Any CPU.Build.0 = Debug|Any CPU
		{66A9C2C9-7B86-4547-BAA3-48254DAB5837}.Debug|x86.ActiveCfg = Debug|Any CPU
		{66A9C2C9-7B86-4547-BAA3-48254DAB5837}.Debug|x86.Build.0 = Debug|Any CPU
		{66A9C2C9-7B86-4547-BAA3-48254DAB5837}.Release|Any CPU.ActiveCfg = Release|Any CPU
		{66A9C2C9-7B86-4547-BAA3-48254DAB5837}.Release|Any CPU.Build.0 = Release|Any CPU
		{66A9C2C9-7B86-4547-BAA3-48254DAB5837}.Release|x86.ActiveCfg = Release|Any CPU
		{66A9C2C9-7B86-4547-BAA3-48254DAB5837}.Release|x86.Build.0 = Release|Any CPU
		{D4F4AAB0-FC01-4A05-B22B-84CFD1F98F0E}.Debug|Any CPU.ActiveCfg = Debug|Any CPU
		{D4F4AAB0-FC01-4A05-B22B-84CFD1F98F0E}.Debug|Any CPU.Build.0 = Debug|Any CPU
		{D4F4AAB0-FC01-4A05-B22B-84CFD1F98F0E}.Debug|x86.ActiveCfg = Debug|Any CPU
		{D4F4AAB0-FC01-4A05-B22B-84CFD1F98F0E}.Debug|x86.Build.0 = Debug|Any CPU
		{D4F4AAB0-FC01-4A05-B22B-84CFD1F98F0E}.Release|Any CPU.ActiveCfg = Release|Any CPU
		{D4F4AAB0-FC01-4A05-B22B-84CFD1F98F0E}.Release|Any CPU.Build.0 = Release|Any CPU
		{D4F4AAB0-FC01-4A05-B22B-84CFD1F98F0E}.Release|x86.ActiveCfg = Release|Any CPU
		{D4F4AAB0-FC01-4A05-B22B-84CFD1F98F0E}.Release|x86.Build.0 = Release|Any CPU
		{840F5D36-DC9F-4409-9DA3-75AC8246A9DC}.Debug|Any CPU.ActiveCfg = Debug|Any CPU
		{840F5D36-DC9F-4409-9DA3-75AC8246A9DC}.Debug|Any CPU.Build.0 = Debug|Any CPU
		{840F5D36-DC9F-4409-9DA3-75AC8246A9DC}.Debug|x86.ActiveCfg = Debug|Any CPU
		{840F5D36-DC9F-4409-9DA3-75AC8246A9DC}.Debug|x86.Build.0 = Debug|Any CPU
		{840F5D36-DC9F-4409-9DA3-75AC8246A9DC}.Release|Any CPU.ActiveCfg = Release|Any CPU
		{840F5D36-DC9F-4409-9DA3-75AC8246A9DC}.Release|Any CPU.Build.0 = Release|Any CPU
		{840F5D36-DC9F-4409-9DA3-75AC8246A9DC}.Release|x86.ActiveCfg = Release|Any CPU
		{840F5D36-DC9F-4409-9DA3-75AC8246A9DC}.Release|x86.Build.0 = Release|Any CPU
		{EB09970B-3AAD-4FCA-924D-3147F4410F83}.Debug|Any CPU.ActiveCfg = Debug|Any CPU
		{EB09970B-3AAD-4FCA-924D-3147F4410F83}.Debug|Any CPU.Build.0 = Debug|Any CPU
		{EB09970B-3AAD-4FCA-924D-3147F4410F83}.Debug|x86.ActiveCfg = Debug|Any CPU
		{EB09970B-3AAD-4FCA-924D-3147F4410F83}.Debug|x86.Build.0 = Debug|Any CPU
		{EB09970B-3AAD-4FCA-924D-3147F4410F83}.Release|Any CPU.ActiveCfg = Release|Any CPU
		{EB09970B-3AAD-4FCA-924D-3147F4410F83}.Release|Any CPU.Build.0 = Release|Any CPU
		{EB09970B-3AAD-4FCA-924D-3147F4410F83}.Release|x86.ActiveCfg = Release|Any CPU
		{EB09970B-3AAD-4FCA-924D-3147F4410F83}.Release|x86.Build.0 = Release|Any CPU
		{62641D98-9A14-4B05-B422-132FC5B59E18}.Debug|Any CPU.ActiveCfg = Debug|Any CPU
		{62641D98-9A14-4B05-B422-132FC5B59E18}.Debug|Any CPU.Build.0 = Debug|Any CPU
		{62641D98-9A14-4B05-B422-132FC5B59E18}.Debug|x86.ActiveCfg = Debug|Any CPU
		{62641D98-9A14-4B05-B422-132FC5B59E18}.Debug|x86.Build.0 = Debug|Any CPU
		{62641D98-9A14-4B05-B422-132FC5B59E18}.Release|Any CPU.ActiveCfg = Release|Any CPU
		{62641D98-9A14-4B05-B422-132FC5B59E18}.Release|Any CPU.Build.0 = Release|Any CPU
		{62641D98-9A14-4B05-B422-132FC5B59E18}.Release|x86.ActiveCfg = Release|Any CPU
		{62641D98-9A14-4B05-B422-132FC5B59E18}.Release|x86.Build.0 = Release|Any CPU
		{DF7CBC51-D061-44C0-B8A3-F28E359B20C4}.Debug|Any CPU.ActiveCfg = Debug|Any CPU
		{DF7CBC51-D061-44C0-B8A3-F28E359B20C4}.Debug|Any CPU.Build.0 = Debug|Any CPU
		{DF7CBC51-D061-44C0-B8A3-F28E359B20C4}.Debug|x86.ActiveCfg = Debug|Any CPU
		{DF7CBC51-D061-44C0-B8A3-F28E359B20C4}.Debug|x86.Build.0 = Debug|Any CPU
		{DF7CBC51-D061-44C0-B8A3-F28E359B20C4}.Release|Any CPU.ActiveCfg = Release|Any CPU
		{DF7CBC51-D061-44C0-B8A3-F28E359B20C4}.Release|Any CPU.Build.0 = Release|Any CPU
		{DF7CBC51-D061-44C0-B8A3-F28E359B20C4}.Release|x86.ActiveCfg = Release|Any CPU
		{DF7CBC51-D061-44C0-B8A3-F28E359B20C4}.Release|x86.Build.0 = Release|Any CPU
		{B954E08D-05CB-4AB0-B14F-C783C5424675}.Debug|Any CPU.ActiveCfg = Debug|Any CPU
		{B954E08D-05CB-4AB0-B14F-C783C5424675}.Debug|Any CPU.Build.0 = Debug|Any CPU
		{B954E08D-05CB-4AB0-B14F-C783C5424675}.Debug|x86.ActiveCfg = Debug|Any CPU
		{B954E08D-05CB-4AB0-B14F-C783C5424675}.Debug|x86.Build.0 = Debug|Any CPU
		{B954E08D-05CB-4AB0-B14F-C783C5424675}.Release|Any CPU.ActiveCfg = Release|Any CPU
		{B954E08D-05CB-4AB0-B14F-C783C5424675}.Release|Any CPU.Build.0 = Release|Any CPU
		{B954E08D-05CB-4AB0-B14F-C783C5424675}.Release|x86.ActiveCfg = Release|Any CPU
		{B954E08D-05CB-4AB0-B14F-C783C5424675}.Release|x86.Build.0 = Release|Any CPU
		{C6F1A802-A042-4D3E-BED8-CB3ABD822DA9}.Debug|Any CPU.ActiveCfg = Debug|Any CPU
		{C6F1A802-A042-4D3E-BED8-CB3ABD822DA9}.Debug|Any CPU.Build.0 = Debug|Any CPU
		{C6F1A802-A042-4D3E-BED8-CB3ABD822DA9}.Debug|x86.ActiveCfg = Debug|Any CPU
		{C6F1A802-A042-4D3E-BED8-CB3ABD822DA9}.Debug|x86.Build.0 = Debug|Any CPU
		{C6F1A802-A042-4D3E-BED8-CB3ABD822DA9}.Release|Any CPU.ActiveCfg = Release|Any CPU
		{C6F1A802-A042-4D3E-BED8-CB3ABD822DA9}.Release|Any CPU.Build.0 = Release|Any CPU
		{C6F1A802-A042-4D3E-BED8-CB3ABD822DA9}.Release|x86.ActiveCfg = Release|Any CPU
		{C6F1A802-A042-4D3E-BED8-CB3ABD822DA9}.Release|x86.Build.0 = Release|Any CPU
		{D5E37ED2-1CDA-45BF-923D-252A1CC2D94C}.Debug|Any CPU.ActiveCfg = Debug|Any CPU
		{D5E37ED2-1CDA-45BF-923D-252A1CC2D94C}.Debug|Any CPU.Build.0 = Debug|Any CPU
		{D5E37ED2-1CDA-45BF-923D-252A1CC2D94C}.Debug|x86.ActiveCfg = Debug|Any CPU
		{D5E37ED2-1CDA-45BF-923D-252A1CC2D94C}.Debug|x86.Build.0 = Debug|Any CPU
		{D5E37ED2-1CDA-45BF-923D-252A1CC2D94C}.Release|Any CPU.ActiveCfg = Release|Any CPU
		{D5E37ED2-1CDA-45BF-923D-252A1CC2D94C}.Release|Any CPU.Build.0 = Release|Any CPU
		{D5E37ED2-1CDA-45BF-923D-252A1CC2D94C}.Release|x86.ActiveCfg = Release|Any CPU
		{D5E37ED2-1CDA-45BF-923D-252A1CC2D94C}.Release|x86.Build.0 = Release|Any CPU
		{765030D0-2EA6-4EE4-83DC-072967B0B34D}.Debug|Any CPU.ActiveCfg = Debug|Any CPU
		{765030D0-2EA6-4EE4-83DC-072967B0B34D}.Debug|Any CPU.Build.0 = Debug|Any CPU
		{765030D0-2EA6-4EE4-83DC-072967B0B34D}.Debug|x86.ActiveCfg = Debug|Any CPU
		{765030D0-2EA6-4EE4-83DC-072967B0B34D}.Debug|x86.Build.0 = Debug|Any CPU
		{765030D0-2EA6-4EE4-83DC-072967B0B34D}.Release|Any CPU.ActiveCfg = Release|Any CPU
		{765030D0-2EA6-4EE4-83DC-072967B0B34D}.Release|Any CPU.Build.0 = Release|Any CPU
		{765030D0-2EA6-4EE4-83DC-072967B0B34D}.Release|x86.ActiveCfg = Release|Any CPU
		{765030D0-2EA6-4EE4-83DC-072967B0B34D}.Release|x86.Build.0 = Release|Any CPU
		{22261295-CB73-400D-8D0A-1DFC295746B2}.Debug|Any CPU.ActiveCfg = Debug|Any CPU
		{22261295-CB73-400D-8D0A-1DFC295746B2}.Debug|Any CPU.Build.0 = Debug|Any CPU
		{22261295-CB73-400D-8D0A-1DFC295746B2}.Debug|x86.ActiveCfg = Debug|Any CPU
		{22261295-CB73-400D-8D0A-1DFC295746B2}.Debug|x86.Build.0 = Debug|Any CPU
		{22261295-CB73-400D-8D0A-1DFC295746B2}.Release|Any CPU.ActiveCfg = Release|Any CPU
		{22261295-CB73-400D-8D0A-1DFC295746B2}.Release|Any CPU.Build.0 = Release|Any CPU
		{22261295-CB73-400D-8D0A-1DFC295746B2}.Release|x86.ActiveCfg = Release|Any CPU
		{22261295-CB73-400D-8D0A-1DFC295746B2}.Release|x86.Build.0 = Release|Any CPU
		{2ABAD447-16D0-465F-A7FA-DD525D9636CF}.Debug|Any CPU.ActiveCfg = Debug|Any CPU
		{2ABAD447-16D0-465F-A7FA-DD525D9636CF}.Debug|Any CPU.Build.0 = Debug|Any CPU
		{2ABAD447-16D0-465F-A7FA-DD525D9636CF}.Debug|x86.ActiveCfg = Debug|Any CPU
		{2ABAD447-16D0-465F-A7FA-DD525D9636CF}.Debug|x86.Build.0 = Debug|Any CPU
		{2ABAD447-16D0-465F-A7FA-DD525D9636CF}.Release|Any CPU.ActiveCfg = Release|Any CPU
		{2ABAD447-16D0-465F-A7FA-DD525D9636CF}.Release|Any CPU.Build.0 = Release|Any CPU
		{2ABAD447-16D0-465F-A7FA-DD525D9636CF}.Release|x86.ActiveCfg = Release|Any CPU
		{2ABAD447-16D0-465F-A7FA-DD525D9636CF}.Release|x86.Build.0 = Release|Any CPU
		{47E3ECE3-CD60-412D-8F6E-85028EF04221}.Debug|Any CPU.ActiveCfg = Debug|Any CPU
		{47E3ECE3-CD60-412D-8F6E-85028EF04221}.Debug|Any CPU.Build.0 = Debug|Any CPU
		{47E3ECE3-CD60-412D-8F6E-85028EF04221}.Debug|x86.ActiveCfg = Debug|Any CPU
		{47E3ECE3-CD60-412D-8F6E-85028EF04221}.Debug|x86.Build.0 = Debug|Any CPU
		{47E3ECE3-CD60-412D-8F6E-85028EF04221}.Release|Any CPU.ActiveCfg = Release|Any CPU
		{47E3ECE3-CD60-412D-8F6E-85028EF04221}.Release|Any CPU.Build.0 = Release|Any CPU
		{47E3ECE3-CD60-412D-8F6E-85028EF04221}.Release|x86.ActiveCfg = Release|Any CPU
		{47E3ECE3-CD60-412D-8F6E-85028EF04221}.Release|x86.Build.0 = Release|Any CPU
		{4B5BD62D-47F9-48A0-949D-F2BF4881C937}.Debug|Any CPU.ActiveCfg = Debug|Any CPU
		{4B5BD62D-47F9-48A0-949D-F2BF4881C937}.Debug|Any CPU.Build.0 = Debug|Any CPU
		{4B5BD62D-47F9-48A0-949D-F2BF4881C937}.Debug|x86.ActiveCfg = Debug|Any CPU
		{4B5BD62D-47F9-48A0-949D-F2BF4881C937}.Debug|x86.Build.0 = Debug|Any CPU
		{4B5BD62D-47F9-48A0-949D-F2BF4881C937}.Release|Any CPU.ActiveCfg = Release|Any CPU
		{4B5BD62D-47F9-48A0-949D-F2BF4881C937}.Release|Any CPU.Build.0 = Release|Any CPU
		{4B5BD62D-47F9-48A0-949D-F2BF4881C937}.Release|x86.ActiveCfg = Release|Any CPU
		{4B5BD62D-47F9-48A0-949D-F2BF4881C937}.Release|x86.Build.0 = Release|Any CPU
		{589E12C1-C020-472B-8D25-9EB21271B92D}.Debug|Any CPU.ActiveCfg = Debug|Any CPU
		{589E12C1-C020-472B-8D25-9EB21271B92D}.Debug|Any CPU.Build.0 = Debug|Any CPU
		{589E12C1-C020-472B-8D25-9EB21271B92D}.Debug|x86.ActiveCfg = Debug|Any CPU
		{589E12C1-C020-472B-8D25-9EB21271B92D}.Debug|x86.Build.0 = Debug|Any CPU
		{589E12C1-C020-472B-8D25-9EB21271B92D}.Release|Any CPU.ActiveCfg = Release|Any CPU
		{589E12C1-C020-472B-8D25-9EB21271B92D}.Release|Any CPU.Build.0 = Release|Any CPU
		{589E12C1-C020-472B-8D25-9EB21271B92D}.Release|x86.ActiveCfg = Release|Any CPU
		{589E12C1-C020-472B-8D25-9EB21271B92D}.Release|x86.Build.0 = Release|Any CPU
	EndGlobalSection
	GlobalSection(SolutionProperties) = preSolution
		HideSolutionNode = FALSE
	EndGlobalSection
	GlobalSection(NestedProjects) = preSolution
		{DA15FDAE-109D-4DF6-AC69-E6DEB7F38ED6} = {D11B8DF8-7908-4AAF-9387-5CEEB5F422AC}
		{5683508C-A41D-4971-942D-A20649968666} = {FEA1F6FF-1F20-4767-ABA2-0EF4ADD980EF}
		{156A6DDD-7752-4CD9-8385-AFD935E88B2F} = {FEA1F6FF-1F20-4767-ABA2-0EF4ADD980EF}
		{0466CFAE-5989-44DA-A369-2F38057177F9} = {FEA1F6FF-1F20-4767-ABA2-0EF4ADD980EF}
		{2C391935-3F3D-466E-9CDD-500A926E4840} = {FEA1F6FF-1F20-4767-ABA2-0EF4ADD980EF}
		{9EDD9DD1-FAFA-46A9-864B-FD70072BA90D} = {FEA1F6FF-1F20-4767-ABA2-0EF4ADD980EF}
		{3F35AE3A-07DC-4660-802E-D66CECEAC34F} = {FEA1F6FF-1F20-4767-ABA2-0EF4ADD980EF}
		{66A9C2C9-7B86-4547-BAA3-48254DAB5837} = {7695C76C-5CAF-4E48-8003-44B082F9C780}
		{D4F4AAB0-FC01-4A05-B22B-84CFD1F98F0E} = {7695C76C-5CAF-4E48-8003-44B082F9C780}
		{840F5D36-DC9F-4409-9DA3-75AC8246A9DC} = {EED689DE-0165-4701-9183-58D33C969942}
		{EB09970B-3AAD-4FCA-924D-3147F4410F83} = {EED689DE-0165-4701-9183-58D33C969942}
		{62641D98-9A14-4B05-B422-132FC5B59E18} = {EED689DE-0165-4701-9183-58D33C969942}
		{DF7CBC51-D061-44C0-B8A3-F28E359B20C4} = {EED689DE-0165-4701-9183-58D33C969942}
		{B954E08D-05CB-4AB0-B14F-C783C5424675} = {EED689DE-0165-4701-9183-58D33C969942}
		{C6F1A802-A042-4D3E-BED8-CB3ABD822DA9} = {EED689DE-0165-4701-9183-58D33C969942}
		{D5E37ED2-1CDA-45BF-923D-252A1CC2D94C} = {EED689DE-0165-4701-9183-58D33C969942}
		{765030D0-2EA6-4EE4-83DC-072967B0B34D} = {EED689DE-0165-4701-9183-58D33C969942}
		{22261295-CB73-400D-8D0A-1DFC295746B2} = {EED689DE-0165-4701-9183-58D33C969942}
		{2ABAD447-16D0-465F-A7FA-DD525D9636CF} = {EED689DE-0165-4701-9183-58D33C969942}
		{47E3ECE3-CD60-412D-8F6E-85028EF04221} = {EED689DE-0165-4701-9183-58D33C969942}
		{4B5BD62D-47F9-48A0-949D-F2BF4881C937} = {EED689DE-0165-4701-9183-58D33C969942}
		{589E12C1-C020-472B-8D25-9EB21271B92D} = {EED689DE-0165-4701-9183-58D33C969942}
	EndGlobalSection
EndGlobal
